// !$*UTF8*$!
{
	archiveVersion = 1;
	classes = {
	};
	objectVersion = 46;
	objects = {

/* Begin PBXBuildFile section */
		972D522C1F3CE711002D879D /* AppDelegate.swift in Sources */ = {isa = PBXBuildFile; fileRef = 972D522B1F3CE711002D879D /* AppDelegate.swift */; };
		972D522E1F3CE711002D879D /* ViewController.swift in Sources */ = {isa = PBXBuildFile; fileRef = 972D522D1F3CE711002D879D /* ViewController.swift */; };
		972D52311F3CE711002D879D /* Main.storyboard in Resources */ = {isa = PBXBuildFile; fileRef = 972D522F1F3CE711002D879D /* Main.storyboard */; };
		972D52331F3CE711002D879D /* Assets.xcassets in Resources */ = {isa = PBXBuildFile; fileRef = 972D52321F3CE711002D879D /* Assets.xcassets */; };
		972D52361F3CE711002D879D /* LaunchScreen.storyboard in Resources */ = {isa = PBXBuildFile; fileRef = 972D52341F3CE711002D879D /* LaunchScreen.storyboard */; };
		972D52411F3CE711002D879D /* ParkARTests.swift in Sources */ = {isa = PBXBuildFile; fileRef = 972D52401F3CE711002D879D /* ParkARTests.swift */; };
		972D524C1F3CE711002D879D /* ParkARUITests.swift in Sources */ = {isa = PBXBuildFile; fileRef = 972D524B1F3CE711002D879D /* ParkARUITests.swift */; };
		972D525A1F3CE7CF002D879D /* File.swift in Sources */ = {isa = PBXBuildFile; fileRef = 972D52591F3CE7CF002D879D /* File.swift */; };
/* End PBXBuildFile section */

/* Begin PBXContainerItemProxy section */
		972D523D1F3CE711002D879D /* PBXContainerItemProxy */ = {
			isa = PBXContainerItemProxy;
			containerPortal = 972D52201F3CE710002D879D /* Project object */;
			proxyType = 1;
			remoteGlobalIDString = 972D52271F3CE710002D879D;
			remoteInfo = ParkAR;
		};
		972D52481F3CE711002D879D /* PBXContainerItemProxy */ = {
			isa = PBXContainerItemProxy;
			containerPortal = 972D52201F3CE710002D879D /* Project object */;
			proxyType = 1;
			remoteGlobalIDString = 972D52271F3CE710002D879D;
			remoteInfo = ParkAR;
		};
/* End PBXContainerItemProxy section */

/* Begin PBXFileReference section */
		972D52281F3CE711002D879D /* ParkAR.app */ = {isa = PBXFileReference; explicitFileType = wrapper.application; includeInIndex = 0; path = ParkAR.app; sourceTree = BUILT_PRODUCTS_DIR; };
		972D522B1F3CE711002D879D /* AppDelegate.swift */ = {isa = PBXFileReference; lastKnownFileType = sourcecode.swift; path = AppDelegate.swift; sourceTree = "<group>"; };
		972D522D1F3CE711002D879D /* ViewController.swift */ = {isa = PBXFileReference; lastKnownFileType = sourcecode.swift; path = ViewController.swift; sourceTree = "<group>"; };
		972D52301F3CE711002D879D /* Base */ = {isa = PBXFileReference; lastKnownFileType = file.storyboard; name = Base; path = Base.lproj/Main.storyboard; sourceTree = "<group>"; };
		972D52321F3CE711002D879D /* Assets.xcassets */ = {isa = PBXFileReference; lastKnownFileType = folder.assetcatalog; path = Assets.xcassets; sourceTree = "<group>"; };
		972D52351F3CE711002D879D /* Base */ = {isa = PBXFileReference; lastKnownFileType = file.storyboard; name = Base; path = Base.lproj/LaunchScreen.storyboard; sourceTree = "<group>"; };
		972D52371F3CE711002D879D /* Info.plist */ = {isa = PBXFileReference; lastKnownFileType = text.plist.xml; path = Info.plist; sourceTree = "<group>"; };
		972D523C1F3CE711002D879D /* ParkARTests.xctest */ = {isa = PBXFileReference; explicitFileType = wrapper.cfbundle; includeInIndex = 0; path = ParkARTests.xctest; sourceTree = BUILT_PRODUCTS_DIR; };
		972D52401F3CE711002D879D /* ParkARTests.swift */ = {isa = PBXFileReference; lastKnownFileType = sourcecode.swift; path = ParkARTests.swift; sourceTree = "<group>"; };
		972D52421F3CE711002D879D /* Info.plist */ = {isa = PBXFileReference; lastKnownFileType = text.plist.xml; path = Info.plist; sourceTree = "<group>"; };
		972D52471F3CE711002D879D /* ParkARUITests.xctest */ = {isa = PBXFileReference; explicitFileType = wrapper.cfbundle; includeInIndex = 0; path = ParkARUITests.xctest; sourceTree = BUILT_PRODUCTS_DIR; };
		972D524B1F3CE711002D879D /* ParkARUITests.swift */ = {isa = PBXFileReference; lastKnownFileType = sourcecode.swift; path = ParkARUITests.swift; sourceTree = "<group>"; };
		972D524D1F3CE711002D879D /* Info.plist */ = {isa = PBXFileReference; lastKnownFileType = text.plist.xml; path = Info.plist; sourceTree = "<group>"; };
		972D52591F3CE7CF002D879D /* File.swift */ = {isa = PBXFileReference; fileEncoding = 4; lastKnownFileType = sourcecode.swift; path = File.swift; sourceTree = "<group>"; };
/* End PBXFileReference section */

/* Begin PBXFrameworksBuildPhase section */
		972D52251F3CE710002D879D /* Frameworks */ = {
			isa = PBXFrameworksBuildPhase;
			buildActionMask = 2147483647;
			files = (
			);
			runOnlyForDeploymentPostprocessing = 0;
		};
		972D52391F3CE711002D879D /* Frameworks */ = {
			isa = PBXFrameworksBuildPhase;
			buildActionMask = 2147483647;
			files = (
			);
			runOnlyForDeploymentPostprocessing = 0;
		};
		972D52441F3CE711002D879D /* Frameworks */ = {
			isa = PBXFrameworksBuildPhase;
			buildActionMask = 2147483647;
			files = (
			);
			runOnlyForDeploymentPostprocessing = 0;
		};
/* End PBXFrameworksBuildPhase section */

/* Begin PBXGroup section */
		972D521F1F3CE710002D879D = {
			isa = PBXGroup;
			children = (
				972D52591F3CE7CF002D879D /* File.swift */,
				972D522A1F3CE711002D879D /* ParkAR */,
				972D523F1F3CE711002D879D /* ParkARTests */,
				972D524A1F3CE711002D879D /* ParkARUITests */,
				972D52291F3CE711002D879D /* Products */,
			);
			sourceTree = "<group>";
		};
		972D52291F3CE711002D879D /* Products */ = {
			isa = PBXGroup;
			children = (
				972D52281F3CE711002D879D /* ParkAR.app */,
				972D523C1F3CE711002D879D /* ParkARTests.xctest */,
				972D52471F3CE711002D879D /* ParkARUITests.xctest */,
			);
			name = Products;
			sourceTree = "<group>";
		};
		972D522A1F3CE711002D879D /* ParkAR */ = {
			isa = PBXGroup;
			children = (
				972D522B1F3CE711002D879D /* AppDelegate.swift */,
				972D522D1F3CE711002D879D /* ViewController.swift */,
				972D522F1F3CE711002D879D /* Main.storyboard */,
				972D52321F3CE711002D879D /* Assets.xcassets */,
				972D52341F3CE711002D879D /* LaunchScreen.storyboard */,
				972D52371F3CE711002D879D /* Info.plist */,
			);
			path = ParkAR;
			sourceTree = "<group>";
		};
		972D523F1F3CE711002D879D /* ParkARTests */ = {
			isa = PBXGroup;
			children = (
				972D52401F3CE711002D879D /* ParkARTests.swift */,
				972D52421F3CE711002D879D /* Info.plist */,
			);
			path = ParkARTests;
			sourceTree = "<group>";
		};
		972D524A1F3CE711002D879D /* ParkARUITests */ = {
			isa = PBXGroup;
			children = (
				972D524B1F3CE711002D879D /* ParkARUITests.swift */,
				972D524D1F3CE711002D879D /* Info.plist */,
			);
			path = ParkARUITests;
			sourceTree = "<group>";
		};
/* End PBXGroup section */

/* Begin PBXNativeTarget section */
		972D52271F3CE710002D879D /* ParkAR */ = {
			isa = PBXNativeTarget;
			buildConfigurationList = 972D52501F3CE711002D879D /* Build configuration list for PBXNativeTarget "ParkAR" */;
			buildPhases = (
				972D52241F3CE710002D879D /* Sources */,
				972D52251F3CE710002D879D /* Frameworks */,
				972D52261F3CE710002D879D /* Resources */,
			);
			buildRules = (
			);
			dependencies = (
			);
			name = ParkAR;
			productName = ParkAR;
			productReference = 972D52281F3CE711002D879D /* ParkAR.app */;
			productType = "com.apple.product-type.application";
		};
		972D523B1F3CE711002D879D /* ParkARTests */ = {
			isa = PBXNativeTarget;
			buildConfigurationList = 972D52531F3CE711002D879D /* Build configuration list for PBXNativeTarget "ParkARTests" */;
			buildPhases = (
				972D52381F3CE711002D879D /* Sources */,
				972D52391F3CE711002D879D /* Frameworks */,
				972D523A1F3CE711002D879D /* Resources */,
			);
			buildRules = (
			);
			dependencies = (
				972D523E1F3CE711002D879D /* PBXTargetDependency */,
			);
			name = ParkARTests;
			productName = ParkARTests;
			productReference = 972D523C1F3CE711002D879D /* ParkARTests.xctest */;
			productType = "com.apple.product-type.bundle.unit-test";
		};
		972D52461F3CE711002D879D /* ParkARUITests */ = {
			isa = PBXNativeTarget;
			buildConfigurationList = 972D52561F3CE711002D879D /* Build configuration list for PBXNativeTarget "ParkARUITests" */;
			buildPhases = (
				972D52431F3CE711002D879D /* Sources */,
				972D52441F3CE711002D879D /* Frameworks */,
				972D52451F3CE711002D879D /* Resources */,
			);
			buildRules = (
			);
			dependencies = (
				972D52491F3CE711002D879D /* PBXTargetDependency */,
			);
			name = ParkARUITests;
			productName = ParkARUITests;
			productReference = 972D52471F3CE711002D879D /* ParkARUITests.xctest */;
			productType = "com.apple.product-type.bundle.ui-testing";
		};
/* End PBXNativeTarget section */

/* Begin PBXProject section */
		972D52201F3CE710002D879D /* Project object */ = {
			isa = PBXProject;
			attributes = {
				LastSwiftUpdateCheck = 0820;
				LastUpgradeCheck = 0820;
				ORGANIZATIONNAME = "Joaquin Matias Giorgi";
				TargetAttributes = {
					972D52271F3CE710002D879D = {
						CreatedOnToolsVersion = 8.2.1;
						ProvisioningStyle = Automatic;
					};
					972D523B1F3CE711002D879D = {
						CreatedOnToolsVersion = 8.2.1;
						ProvisioningStyle = Automatic;
						TestTargetID = 972D52271F3CE710002D879D;
					};
					972D52461F3CE711002D879D = {
						CreatedOnToolsVersion = 8.2.1;
						ProvisioningStyle = Automatic;
						TestTargetID = 972D52271F3CE710002D879D;
					};
				};
			};
			buildConfigurationList = 972D52231F3CE710002D879D /* Build configuration list for PBXProject "ParkAR" */;
			compatibilityVersion = "Xcode 3.2";
			developmentRegion = English;
			hasScannedForEncodings = 0;
			knownRegions = (
				en,
				Base,
			);
			mainGroup = 972D521F1F3CE710002D879D;
			productRefGroup = 972D52291F3CE711002D879D /* Products */;
			projectDirPath = "";
			projectRoot = "";
			targets = (
				972D52271F3CE710002D879D /* ParkAR */,
				972D523B1F3CE711002D879D /* ParkARTests */,
				972D52461F3CE711002D879D /* ParkARUITests */,
			);
		};
/* End PBXProject section */

/* Begin PBXResourcesBuildPhase section */
		972D52261F3CE710002D879D /* Resources */ = {
			isa = PBXResourcesBuildPhase;
			buildActionMask = 2147483647;
			files = (
				972D52361F3CE711002D879D /* LaunchScreen.storyboard in Resources */,
				972D52331F3CE711002D879D /* Assets.xcassets in Resources */,
				972D52311F3CE711002D879D /* Main.storyboard in Resources */,
			);
			runOnlyForDeploymentPostprocessing = 0;
		};
		972D523A1F3CE711002D879D /* Resources */ = {
			isa = PBXResourcesBuildPhase;
			buildActionMask = 2147483647;
			files = (
			);
			runOnlyForDeploymentPostprocessing = 0;
		};
		972D52451F3CE711002D879D /* Resources */ = {
			isa = PBXResourcesBuildPhase;
			buildActionMask = 2147483647;
			files = (
			);
			runOnlyForDeploymentPostprocessing = 0;
		};
/* End PBXResourcesBuildPhase section */

/* Begin PBXSourcesBuildPhase section */
		972D52241F3CE710002D879D /* Sources */ = {
			isa = PBXSourcesBuildPhase;
			buildActionMask = 2147483647;
			files = (
				972D522E1F3CE711002D879D /* ViewController.swift in Sources */,
				972D525A1F3CE7CF002D879D /* File.swift in Sources */,
				972D522C1F3CE711002D879D /* AppDelegate.swift in Sources */,
			);
			runOnlyForDeploymentPostprocessing = 0;
		};
		972D52381F3CE711002D879D /* Sources */ = {
			isa = PBXSourcesBuildPhase;
			buildActionMask = 2147483647;
			files = (
				972D52411F3CE711002D879D /* ParkARTests.swift in Sources */,
			);
			runOnlyForDeploymentPostprocessing = 0;
		};
		972D52431F3CE711002D879D /* Sources */ = {
			isa = PBXSourcesBuildPhase;
			buildActionMask = 2147483647;
			files = (
				972D524C1F3CE711002D879D /* ParkARUITests.swift in Sources */,
			);
			runOnlyForDeploymentPostprocessing = 0;
		};
/* End PBXSourcesBuildPhase section */

/* Begin PBXTargetDependency section */
		972D523E1F3CE711002D879D /* PBXTargetDependency */ = {
			isa = PBXTargetDependency;
			target = 972D52271F3CE710002D879D /* ParkAR */;
			targetProxy = 972D523D1F3CE711002D879D /* PBXContainerItemProxy */;
		};
		972D52491F3CE711002D879D /* PBXTargetDependency */ = {
			isa = PBXTargetDependency;
			target = 972D52271F3CE710002D879D /* ParkAR */;
			targetProxy = 972D52481F3CE711002D879D /* PBXContainerItemProxy */;
		};
/* End PBXTargetDependency section */

/* Begin PBXVariantGroup section */
		972D522F1F3CE711002D879D /* Main.storyboard */ = {
			isa = PBXVariantGroup;
			children = (
				972D52301F3CE711002D879D /* Base */,
			);
			name = Main.storyboard;
			sourceTree = "<group>";
		};
		972D52341F3CE711002D879D /* LaunchScreen.storyboard */ = {
			isa = PBXVariantGroup;
			children = (
				972D52351F3CE711002D879D /* Base */,
			);
			name = LaunchScreen.storyboard;
			sourceTree = "<group>";
		};
/* End PBXVariantGroup section */

/* Begin XCBuildConfiguration section */
		972D524E1F3CE711002D879D /* Debug */ = {
			isa = XCBuildConfiguration;
			buildSettings = {
				ALWAYS_SEARCH_USER_PATHS = NO;
				CLANG_ANALYZER_NONNULL = YES;
				CLANG_CXX_LANGUAGE_STANDARD = "gnu++0x";
				CLANG_CXX_LIBRARY = "libc++";
				CLANG_ENABLE_MODULES = YES;
				CLANG_ENABLE_OBJC_ARC = YES;
				CLANG_WARN_BOOL_CONVERSION = YES;
				CLANG_WARN_CONSTANT_CONVERSION = YES;
				CLANG_WARN_DIRECT_OBJC_ISA_USAGE = YES_ERROR;
				CLANG_WARN_DOCUMENTATION_COMMENTS = YES;
				CLANG_WARN_EMPTY_BODY = YES;
				CLANG_WARN_ENUM_CONVERSION = YES;
				CLANG_WARN_INFINITE_RECURSION = YES;
				CLANG_WARN_INT_CONVERSION = YES;
				CLANG_WARN_OBJC_ROOT_CLASS = YES_ERROR;
				CLANG_WARN_SUSPICIOUS_MOVE = YES;
				CLANG_WARN_UNREACHABLE_CODE = YES;
				CLANG_WARN__DUPLICATE_METHOD_MATCH = YES;
				"CODE_SIGN_IDENTITY[sdk=iphoneos*]" = "iPhone Developer";
				COPY_PHASE_STRIP = NO;
				DEBUG_INFORMATION_FORMAT = dwarf;
				ENABLE_STRICT_OBJC_MSGSEND = YES;
				ENABLE_TESTABILITY = YES;
				GCC_C_LANGUAGE_STANDARD = gnu99;
				GCC_DYNAMIC_NO_PIC = NO;
				GCC_NO_COMMON_BLOCKS = YES;
				GCC_OPTIMIZATION_LEVEL = 0;
				GCC_PREPROCESSOR_DEFINITIONS = (
					"DEBUG=1",
					"$(inherited)",
				);
				GCC_WARN_64_TO_32_BIT_CONVERSION = YES;
				GCC_WARN_ABOUT_RETURN_TYPE = YES_ERROR;
				GCC_WARN_UNDECLARED_SELECTOR = YES;
				GCC_WARN_UNINITIALIZED_AUTOS = YES_AGGRESSIVE;
				GCC_WARN_UNUSED_FUNCTION = YES;
				GCC_WARN_UNUSED_VARIABLE = YES;
				IPHONEOS_DEPLOYMENT_TARGET = 10.2;
				MTL_ENABLE_DEBUG_INFO = YES;
				ONLY_ACTIVE_ARCH = YES;
				SDKROOT = iphoneos;
				SWIFT_ACTIVE_COMPILATION_CONDITIONS = DEBUG;
				SWIFT_OPTIMIZATION_LEVEL = "-Onone";
				TARGETED_DEVICE_FAMILY = "1,2";
			};
			name = Debug;
		};
		972D524F1F3CE711002D879D /* Release */ = {
			isa = XCBuildConfiguration;
			buildSettings = {
				ALWAYS_SEARCH_USER_PATHS = NO;
				CLANG_ANALYZER_NONNULL = YES;
				CLANG_CXX_LANGUAGE_STANDARD = "gnu++0x";
				CLANG_CXX_LIBRARY = "libc++";
				CLANG_ENABLE_MODULES = YES;
				CLANG_ENABLE_OBJC_ARC = YES;
				CLANG_WARN_BOOL_CONVERSION = YES;
				CLANG_WARN_CONSTANT_CONVERSION = YES;
				CLANG_WARN_DIRECT_OBJC_ISA_USAGE = YES_ERROR;
				CLANG_WARN_DOCUMENTATION_COMMENTS = YES;
				CLANG_WARN_EMPTY_BODY = YES;
				CLANG_WARN_ENUM_CONVERSION = YES;
				CLANG_WARN_INFINITE_RECURSION = YES;
				CLANG_WARN_INT_CONVERSION = YES;
				CLANG_WARN_OBJC_ROOT_CLASS = YES_ERROR;
				CLANG_WARN_SUSPICIOUS_MOVE = YES;
				CLANG_WARN_UNREACHABLE_CODE = YES;
				CLANG_WARN__DUPLICATE_METHOD_MATCH = YES;
				"CODE_SIGN_IDENTITY[sdk=iphoneos*]" = "iPhone Developer";
				COPY_PHASE_STRIP = NO;
				DEBUG_INFORMATION_FORMAT = "dwarf-with-dsym";
				ENABLE_NS_ASSERTIONS = NO;
				ENABLE_STRICT_OBJC_MSGSEND = YES;
				GCC_C_LANGUAGE_STANDARD = gnu99;
				GCC_NO_COMMON_BLOCKS = YES;
				GCC_WARN_64_TO_32_BIT_CONVERSION = YES;
				GCC_WARN_ABOUT_RETURN_TYPE = YES_ERROR;
				GCC_WARN_UNDECLARED_SELECTOR = YES;
				GCC_WARN_UNINITIALIZED_AUTOS = YES_AGGRESSIVE;
				GCC_WARN_UNUSED_FUNCTION = YES;
				GCC_WARN_UNUSED_VARIABLE = YES;
				IPHONEOS_DEPLOYMENT_TARGET = 10.2;
				MTL_ENABLE_DEBUG_INFO = NO;
				SDKROOT = iphoneos;
				SWIFT_OPTIMIZATION_LEVEL = "-Owholemodule";
				TARGETED_DEVICE_FAMILY = "1,2";
				VALIDATE_PRODUCT = YES;
			};
			name = Release;
		};
		972D52511F3CE711002D879D /* Debug */ = {
			isa = XCBuildConfiguration;
			buildSettings = {
				ASSETCATALOG_COMPILER_APPICON_NAME = AppIcon;
				INFOPLIST_FILE = ParkAR/Info.plist;
				LD_RUNPATH_SEARCH_PATHS = "$(inherited) @executable_path/Frameworks";
				PRODUCT_BUNDLE_IDENTIFIER = ParkAR.com.ParkAR;
				PRODUCT_NAME = "$(TARGET_NAME)";
				SWIFT_VERSION = 3.0;
			};
			name = Debug;
		};
		972D52521F3CE711002D879D /* Release */ = {
			isa = XCBuildConfiguration;
			buildSettings = {
				ASSETCATALOG_COMPILER_APPICON_NAME = AppIcon;
				INFOPLIST_FILE = ParkAR/Info.plist;
				LD_RUNPATH_SEARCH_PATHS = "$(inherited) @executable_path/Frameworks";
				PRODUCT_BUNDLE_IDENTIFIER = ParkAR.com.ParkAR;
				PRODUCT_NAME = "$(TARGET_NAME)";
				SWIFT_VERSION = 3.0;
			};
			name = Release;
		};
		972D52541F3CE711002D879D /* Debug */ = {
			isa = XCBuildConfiguration;
			buildSettings = {
				ALWAYS_EMBED_SWIFT_STANDARD_LIBRARIES = YES;
				BUNDLE_LOADER = "$(TEST_HOST)";
				INFOPLIST_FILE = ParkARTests/Info.plist;
				LD_RUNPATH_SEARCH_PATHS = "$(inherited) @executable_path/Frameworks @loader_path/Frameworks";
				PRODUCT_BUNDLE_IDENTIFIER = ParkAR.com.ParkARTests;
				PRODUCT_NAME = "$(TARGET_NAME)";
				SWIFT_VERSION = 3.0;
				TEST_HOST = "$(BUILT_PRODUCTS_DIR)/ParkAR.app/ParkAR";
			};
			name = Debug;
		};
		972D52551F3CE711002D879D /* Release */ = {
			isa = XCBuildConfiguration;
			buildSettings = {
				ALWAYS_EMBED_SWIFT_STANDARD_LIBRARIES = YES;
				BUNDLE_LOADER = "$(TEST_HOST)";
				INFOPLIST_FILE = ParkARTests/Info.plist;
				LD_RUNPATH_SEARCH_PATHS = "$(inherited) @executable_path/Frameworks @loader_path/Frameworks";
				PRODUCT_BUNDLE_IDENTIFIER = ParkAR.com.ParkARTests;
				PRODUCT_NAME = "$(TARGET_NAME)";
				SWIFT_VERSION = 3.0;
				TEST_HOST = "$(BUILT_PRODUCTS_DIR)/ParkAR.app/ParkAR";
			};
			name = Release;
		};
		972D52571F3CE711002D879D /* Debug */ = {
			isa = XCBuildConfiguration;
			buildSettings = {
				ALWAYS_EMBED_SWIFT_STANDARD_LIBRARIES = YES;
				INFOPLIST_FILE = ParkARUITests/Info.plist;
				LD_RUNPATH_SEARCH_PATHS = "$(inherited) @executable_path/Frameworks @loader_path/Frameworks";
				PRODUCT_BUNDLE_IDENTIFIER = ParkAR.com.ParkARUITests;
				PRODUCT_NAME = "$(TARGET_NAME)";
				SWIFT_VERSION = 3.0;
				TEST_TARGET_NAME = ParkAR;
			};
			name = Debug;
		};
		972D52581F3CE711002D879D /* Release */ = {
			isa = XCBuildConfiguration;
			buildSettings = {
				ALWAYS_EMBED_SWIFT_STANDARD_LIBRARIES = YES;
				INFOPLIST_FILE = ParkARUITests/Info.plist;
				LD_RUNPATH_SEARCH_PATHS = "$(inherited) @executable_path/Frameworks @loader_path/Frameworks";
				PRODUCT_BUNDLE_IDENTIFIER = ParkAR.com.ParkARUITests;
				PRODUCT_NAME = "$(TARGET_NAME)";
				SWIFT_VERSION = 3.0;
				TEST_TARGET_NAME = ParkAR;
			};
			name = Release;
		};
/* End XCBuildConfiguration section */

/* Begin XCConfigurationList section */
		972D52231F3CE710002D879D /* Build configuration list for PBXProject "ParkAR" */ = {
			isa = XCConfigurationList;
			buildConfigurations = (
				972D524E1F3CE711002D879D /* Debug */,
				972D524F1F3CE711002D879D /* Release */,
			);
			defaultConfigurationIsVisible = 0;
			defaultConfigurationName = Release;
		};
		972D52501F3CE711002D879D /* Build configuration list for PBXNativeTarget "ParkAR" */ = {
			isa = XCConfigurationList;
			buildConfigurations = (
				972D52511F3CE711002D879D /* Debug */,
				972D52521F3CE711002D879D /* Release */,
			);
			defaultConfigurationIsVisible = 0;
		};
		972D52531F3CE711002D879D /* Build configuration list for PBXNativeTarget "ParkARTests" */ = {
			isa = XCConfigurationList;
			buildConfigurations = (
				972D52541F3CE711002D879D /* Debug */,
				972D52551F3CE711002D879D /* Release */,
			);
			defaultConfigurationIsVisible = 0;
		};
		972D52561F3CE711002D879D /* Build configuration list for PBXNativeTarget "ParkARUITests" */ = {
			isa = XCConfigurationList;
			buildConfigurations = (
				972D52571F3CE711002D879D /* Debug */,
				972D52581F3CE711002D879D /* Release */,
			);
			defaultConfigurationIsVisible = 0;
		};
/* End XCConfigurationList section */
	};
	rootObject = 972D52201F3CE710002D879D /* Project object */;
}
